
Microsoft Visual Studio Solution File, Format Version 12.00
# Visual Studio Version 16
VisualStudioVersion = 16.0.29411.108
MinimumVisualStudioVersion = 10.0.40219.1
Project("{2150E333-8FDC-42A3-9474-1A3956D46DE8}") = "_Readme", "_Readme", "{677FA7DB-476F-4FA2-B702-D30B5583F7C1}"
	ProjectSection(SolutionItems) = preProject
		..\..\README.md = ..\..\README.md
	EndProjectSection
EndProject
Project("{2150E333-8FDC-42A3-9474-1A3956D46DE8}") = "Demo Headless WebApps", "Demo Headless WebApps", "{F71A30C1-9A86-4C6A-9200-78EB03850DE7}"
EndProject
Project("{2150E333-8FDC-42A3-9474-1A3956D46DE8}") = "Demo Clients", "Demo Clients", "{A8D328CD-7381-4CF7-8643-5B24E0285885}"
EndProject
Project("{FAE04EC0-301F-11D3-BF4B-00C04F79EFBC}") = "Umbraco.TestSite.Events.Web", "Umbraco.TestSite.Events.Web\Umbraco.TestSite.Events.Web.csproj", "{9B96F81C-A708-425F-A2C8-C6ED9466FDD8}"
EndProject
Project("{FAE04EC0-301F-11D3-BF4B-00C04F79EFBC}") = "Umbraco.GraphQLDemo", "Umbraco.GraphQLDemo\Umbraco.GraphQLDemo.csproj", "{51B00ADF-9E39-43B5-B6E8-B858C89B9D23}"
EndProject
Project("{FAE04EC0-301F-11D3-BF4B-00C04F79EFBC}") = "Umbraco.HeadRestDemo", "Umbraco.HeadRestDemo\Umbraco.HeadRestDemo.csproj", "{3A816D77-740F-4B81-BAFC-52BBB8FFB576}"
EndProject
Project("{2150E333-8FDC-42A3-9474-1A3956D46DE8}") = "GraphQL", "GraphQL", "{250D8351-EAF2-45B9-8E25-E2BD18CDF234}"
EndProject
Project("{2150E333-8FDC-42A3-9474-1A3956D46DE8}") = "HeadRest", "HeadRest", "{70F4082B-FDCC-4AC1-9239-747B9B8CAEB5}"
EndProject
Project("{FAE04EC0-301F-11D3-BF4B-00C04F79EFBC}") = "Umbraco.TestSite.Events.Models", "Umbraco.TestSite.Events.Models\Umbraco.TestSite.Events.Models.csproj", "{5C964C30-2443-489A-8FED-6252E00BA471}"
EndProject
Project("{2150E333-8FDC-42A3-9474-1A3956D46DE8}") = "DotnetCore", "DotnetCore", "{D2117B0A-F6D1-4E22-9EA3-F3FAF9184F68}"
EndProject
Project("{2150E333-8FDC-42A3-9474-1A3956D46DE8}") = "Xamarin", "Xamarin", "{23010105-50CC-462E-A3DC-3862A5A982E4}"
EndProject
Project("{9A19103F-16F7-4668-BE54-9A1E7A4F7556}") = "DotnetCore.Events.Demo", "DotnetCore.Events.Demo\DotnetCore.Events.Demo.csproj", "{75074046-8F32-4C2F-B311-1517CCC9F998}"
EndProject
Project("{FAE04EC0-301F-11D3-BF4B-00C04F79EFBC}") = "Xamarin.Events.Demo.Android", "Xamarin.Events.Demo\Xamarin.Events.Demo.Android\Xamarin.Events.Demo.Android.csproj", "{A6374636-B520-45F2-903F-066BD59E4142}"
EndProject
Project("{FAE04EC0-301F-11D3-BF4B-00C04F79EFBC}") = "Xamarin.Events.Demo.iOS", "Xamarin.Events.Demo\Xamarin.Events.Demo.iOS\Xamarin.Events.Demo.iOS.csproj", "{1881E84F-86BA-4566-ABBE-EBBCA60A8CEA}"
EndProject
Project("{FAE04EC0-301F-11D3-BF4B-00C04F79EFBC}") = "Xamarin.Events.Demo", "Xamarin.Events.Demo\Xamarin.Events.Demo\Xamarin.Events.Demo.csproj", "{8707DDE6-4F16-45E6-B994-DFDF7EF057DD}"
EndProject
Global
	GlobalSection(SolutionConfigurationPlatforms) = preSolution
		Debug|Any CPU = Debug|Any CPU
		Debug|iPhone = Debug|iPhone
		Debug|iPhoneSimulator = Debug|iPhoneSimulator
		Release|Any CPU = Release|Any CPU
		Release|iPhone = Release|iPhone
		Release|iPhoneSimulator = Release|iPhoneSimulator
	EndGlobalSection
	GlobalSection(ProjectConfigurationPlatforms) = postSolution
		{9B96F81C-A708-425F-A2C8-C6ED9466FDD8}.Debug|Any CPU.ActiveCfg = Debug|Any CPU
		{9B96F81C-A708-425F-A2C8-C6ED9466FDD8}.Debug|Any CPU.Build.0 = Debug|Any CPU
		{9B96F81C-A708-425F-A2C8-C6ED9466FDD8}.Debug|iPhone.ActiveCfg = Debug|Any CPU
		{9B96F81C-A708-425F-A2C8-C6ED9466FDD8}.Debug|iPhone.Build.0 = Debug|Any CPU
		{9B96F81C-A708-425F-A2C8-C6ED9466FDD8}.Debug|iPhoneSimulator.ActiveCfg = Debug|Any CPU
		{9B96F81C-A708-425F-A2C8-C6ED9466FDD8}.Debug|iPhoneSimulator.Build.0 = Debug|Any CPU
		{9B96F81C-A708-425F-A2C8-C6ED9466FDD8}.Release|Any CPU.ActiveCfg = Release|Any CPU
		{9B96F81C-A708-425F-A2C8-C6ED9466FDD8}.Release|Any CPU.Build.0 = Release|Any CPU
		{9B96F81C-A708-425F-A2C8-C6ED9466FDD8}.Release|iPhone.ActiveCfg = Release|Any CPU
		{9B96F81C-A708-425F-A2C8-C6ED9466FDD8}.Release|iPhone.Build.0 = Release|Any CPU
		{9B96F81C-A708-425F-A2C8-C6ED9466FDD8}.Release|iPhoneSimulator.ActiveCfg = Release|Any CPU
		{9B96F81C-A708-425F-A2C8-C6ED9466FDD8}.Release|iPhoneSimulator.Build.0 = Release|Any CPU
		{51B00ADF-9E39-43B5-B6E8-B858C89B9D23}.Debug|Any CPU.ActiveCfg = Debug|Any CPU
		{51B00ADF-9E39-43B5-B6E8-B858C89B9D23}.Debug|Any CPU.Build.0 = Debug|Any CPU
		{51B00ADF-9E39-43B5-B6E8-B858C89B9D23}.Debug|iPhone.ActiveCfg = Debug|Any CPU
		{51B00ADF-9E39-43B5-B6E8-B858C89B9D23}.Debug|iPhone.Build.0 = Debug|Any CPU
		{51B00ADF-9E39-43B5-B6E8-B858C89B9D23}.Debug|iPhoneSimulator.ActiveCfg = Debug|Any CPU
		{51B00ADF-9E39-43B5-B6E8-B858C89B9D23}.Debug|iPhoneSimulator.Build.0 = Debug|Any CPU
		{51B00ADF-9E39-43B5-B6E8-B858C89B9D23}.Release|Any CPU.ActiveCfg = Release|Any CPU
		{51B00ADF-9E39-43B5-B6E8-B858C89B9D23}.Release|Any CPU.Build.0 = Release|Any CPU
		{51B00ADF-9E39-43B5-B6E8-B858C89B9D23}.Release|iPhone.ActiveCfg = Release|Any CPU
		{51B00ADF-9E39-43B5-B6E8-B858C89B9D23}.Release|iPhone.Build.0 = Release|Any CPU
		{51B00ADF-9E39-43B5-B6E8-B858C89B9D23}.Release|iPhoneSimulator.ActiveCfg = Release|Any CPU
		{51B00ADF-9E39-43B5-B6E8-B858C89B9D23}.Release|iPhoneSimulator.Build.0 = Release|Any CPU
		{3A816D77-740F-4B81-BAFC-52BBB8FFB576}.Debug|Any CPU.ActiveCfg = Debug|Any CPU
		{3A816D77-740F-4B81-BAFC-52BBB8FFB576}.Debug|Any CPU.Build.0 = Debug|Any CPU
		{3A816D77-740F-4B81-BAFC-52BBB8FFB576}.Debug|iPhone.ActiveCfg = Debug|Any CPU
		{3A816D77-740F-4B81-BAFC-52BBB8FFB576}.Debug|iPhone.Build.0 = Debug|Any CPU
		{3A816D77-740F-4B81-BAFC-52BBB8FFB576}.Debug|iPhoneSimulator.ActiveCfg = Debug|Any CPU
		{3A816D77-740F-4B81-BAFC-52BBB8FFB576}.Debug|iPhoneSimulator.Build.0 = Debug|Any CPU
		{3A816D77-740F-4B81-BAFC-52BBB8FFB576}.Release|Any CPU.ActiveCfg = Release|Any CPU
		{3A816D77-740F-4B81-BAFC-52BBB8FFB576}.Release|Any CPU.Build.0 = Release|Any CPU
		{3A816D77-740F-4B81-BAFC-52BBB8FFB576}.Release|iPhone.ActiveCfg = Release|Any CPU
		{3A816D77-740F-4B81-BAFC-52BBB8FFB576}.Release|iPhone.Build.0 = Release|Any CPU
		{3A816D77-740F-4B81-BAFC-52BBB8FFB576}.Release|iPhoneSimulator.ActiveCfg = Release|Any CPU
		{3A816D77-740F-4B81-BAFC-52BBB8FFB576}.Release|iPhoneSimulator.Build.0 = Release|Any CPU
		{5C964C30-2443-489A-8FED-6252E00BA471}.Debug|Any CPU.ActiveCfg = Debug|Any CPU
		{5C964C30-2443-489A-8FED-6252E00BA471}.Debug|Any CPU.Build.0 = Debug|Any CPU
		{5C964C30-2443-489A-8FED-6252E00BA471}.Debug|iPhone.ActiveCfg = Debug|Any CPU
		{5C964C30-2443-489A-8FED-6252E00BA471}.Debug|iPhone.Build.0 = Debug|Any CPU
		{5C964C30-2443-489A-8FED-6252E00BA471}.Debug|iPhoneSimulator.ActiveCfg = Debug|Any CPU
		{5C964C30-2443-489A-8FED-6252E00BA471}.Debug|iPhoneSimulator.Build.0 = Debug|Any CPU
		{5C964C30-2443-489A-8FED-6252E00BA471}.Release|Any CPU.ActiveCfg = Release|Any CPU
		{5C964C30-2443-489A-8FED-6252E00BA471}.Release|Any CPU.Build.0 = Release|Any CPU
		{5C964C30-2443-489A-8FED-6252E00BA471}.Release|iPhone.ActiveCfg = Release|Any CPU
		{5C964C30-2443-489A-8FED-6252E00BA471}.Release|iPhone.Build.0 = Release|Any CPU
		{5C964C30-2443-489A-8FED-6252E00BA471}.Release|iPhoneSimulator.ActiveCfg = Release|Any CPU
		{5C964C30-2443-489A-8FED-6252E00BA471}.Release|iPhoneSimulator.Build.0 = Release|Any CPU
		{75074046-8F32-4C2F-B311-1517CCC9F998}.Debug|Any CPU.ActiveCfg = Debug|Any CPU
		{75074046-8F32-4C2F-B311-1517CCC9F998}.Debug|Any CPU.Build.0 = Debug|Any CPU
		{75074046-8F32-4C2F-B311-1517CCC9F998}.Debug|iPhone.ActiveCfg = Debug|Any CPU
		{75074046-8F32-4C2F-B311-1517CCC9F998}.Debug|iPhone.Build.0 = Debug|Any CPU
		{75074046-8F32-4C2F-B311-1517CCC9F998}.Debug|iPhoneSimulator.ActiveCfg = Debug|Any CPU
		{75074046-8F32-4C2F-B311-1517CCC9F998}.Debug|iPhoneSimulator.Build.0 = Debug|Any CPU
		{75074046-8F32-4C2F-B311-1517CCC9F998}.Release|Any CPU.ActiveCfg = Release|Any CPU
		{75074046-8F32-4C2F-B311-1517CCC9F998}.Release|Any CPU.Build.0 = Release|Any CPU
		{75074046-8F32-4C2F-B311-1517CCC9F998}.Release|iPhone.ActiveCfg = Release|Any CPU
		{75074046-8F32-4C2F-B311-1517CCC9F998}.Release|iPhone.Build.0 = Release|Any CPU
		{75074046-8F32-4C2F-B311-1517CCC9F998}.Release|iPhoneSimulator.ActiveCfg = Release|Any CPU
		{75074046-8F32-4C2F-B311-1517CCC9F998}.Release|iPhoneSimulator.Build.0 = Release|Any CPU
		{A6374636-B520-45F2-903F-066BD59E4142}.Debug|Any CPU.ActiveCfg = Debug|Any CPU
		{A6374636-B520-45F2-903F-066BD59E4142}.Debug|Any CPU.Build.0 = Debug|Any CPU
		{A6374636-B520-45F2-903F-066BD59E4142}.Debug|Any CPU.Deploy.0 = Debug|Any CPU
		{A6374636-B520-45F2-903F-066BD59E4142}.Debug|iPhone.ActiveCfg = Debug|Any CPU
		{A6374636-B520-45F2-903F-066BD59E4142}.Debug|iPhone.Build.0 = Debug|Any CPU
		{A6374636-B520-45F2-903F-066BD59E4142}.Debug|iPhone.Deploy.0 = Debug|Any CPU
		{A6374636-B520-45F2-903F-066BD59E4142}.Debug|iPhoneSimulator.ActiveCfg = Debug|Any CPU
		{A6374636-B520-45F2-903F-066BD59E4142}.Debug|iPhoneSimulator.Build.0 = Debug|Any CPU
		{A6374636-B520-45F2-903F-066BD59E4142}.Debug|iPhoneSimulator.Deploy.0 = Debug|Any CPU
		{A6374636-B520-45F2-903F-066BD59E4142}.Release|Any CPU.ActiveCfg = Release|Any CPU
		{A6374636-B520-45F2-903F-066BD59E4142}.Release|Any CPU.Build.0 = Release|Any CPU
		{A6374636-B520-45F2-903F-066BD59E4142}.Release|Any CPU.Deploy.0 = Release|Any CPU
		{A6374636-B520-45F2-903F-066BD59E4142}.Release|iPhone.ActiveCfg = Release|Any CPU
		{A6374636-B520-45F2-903F-066BD59E4142}.Release|iPhone.Build.0 = Release|Any CPU
		{A6374636-B520-45F2-903F-066BD59E4142}.Release|iPhone.Deploy.0 = Release|Any CPU
		{A6374636-B520-45F2-903F-066BD59E4142}.Release|iPhoneSimulator.ActiveCfg = Release|Any CPU
		{A6374636-B520-45F2-903F-066BD59E4142}.Release|iPhoneSimulator.Build.0 = Release|Any CPU
		{A6374636-B520-45F2-903F-066BD59E4142}.Release|iPhoneSimulator.Deploy.0 = Release|Any CPU
		{1881E84F-86BA-4566-ABBE-EBBCA60A8CEA}.Debug|Any CPU.ActiveCfg = Debug|iPhone
		{1881E84F-86BA-4566-ABBE-EBBCA60A8CEA}.Debug|iPhone.ActiveCfg = Debug|iPhone
		{1881E84F-86BA-4566-ABBE-EBBCA60A8CEA}.Debug|iPhone.Build.0 = Debug|iPhone
		{1881E84F-86BA-4566-ABBE-EBBCA60A8CEA}.Debug|iPhoneSimulator.ActiveCfg = Debug|iPhoneSimulator
		{1881E84F-86BA-4566-ABBE-EBBCA60A8CEA}.Debug|iPhoneSimulator.Build.0 = Debug|iPhoneSimulator
		{1881E84F-86BA-4566-ABBE-EBBCA60A8CEA}.Release|Any CPU.ActiveCfg = Release|iPhone
		{1881E84F-86BA-4566-ABBE-EBBCA60A8CEA}.Release|iPhone.ActiveCfg = Release|iPhone
		{1881E84F-86BA-4566-ABBE-EBBCA60A8CEA}.Release|iPhone.Build.0 = Release|iPhone
		{1881E84F-86BA-4566-ABBE-EBBCA60A8CEA}.Release|iPhoneSimulator.ActiveCfg = Release|iPhoneSimulator
		{1881E84F-86BA-4566-ABBE-EBBCA60A8CEA}.Release|iPhoneSimulator.Build.0 = Release|iPhoneSimulator
		{8707DDE6-4F16-45E6-B994-DFDF7EF057DD}.Debug|Any CPU.ActiveCfg = Debug|Any CPU
		{8707DDE6-4F16-45E6-B994-DFDF7EF057DD}.Debug|Any CPU.Build.0 = Debug|Any CPU
		{8707DDE6-4F16-45E6-B994-DFDF7EF057DD}.Debug|iPhone.ActiveCfg = Debug|Any CPU
		{8707DDE6-4F16-45E6-B994-DFDF7EF057DD}.Debug|iPhone.Build.0 = Debug|Any CPU
		{8707DDE6-4F16-45E6-B994-DFDF7EF057DD}.Debug|iPhoneSimulator.ActiveCfg = Debug|Any CPU
		{8707DDE6-4F16-45E6-B994-DFDF7EF057DD}.Debug|iPhoneSimulator.Build.0 = Debug|Any CPU
		{8707DDE6-4F16-45E6-B994-DFDF7EF057DD}.Release|Any CPU.ActiveCfg = Release|Any CPU
		{8707DDE6-4F16-45E6-B994-DFDF7EF057DD}.Release|Any CPU.Build.0 = Release|Any CPU
		{8707DDE6-4F16-45E6-B994-DFDF7EF057DD}.Release|iPhone.ActiveCfg = Release|Any CPU
		{8707DDE6-4F16-45E6-B994-DFDF7EF057DD}.Release|iPhone.Build.0 = Release|Any CPU
		{8707DDE6-4F16-45E6-B994-DFDF7EF057DD}.Release|iPhoneSimulator.ActiveCfg = Release|Any CPU
		{8707DDE6-4F16-45E6-B994-DFDF7EF057DD}.Release|iPhoneSimulator.Build.0 = Release|Any CPU
	EndGlobalSection
	GlobalSection(SolutionProperties) = preSolution
		HideSolutionNode = FALSE
	EndGlobalSection
	GlobalSection(NestedProjects) = preSolution
		{9B96F81C-A708-425F-A2C8-C6ED9466FDD8} = {F71A30C1-9A86-4C6A-9200-78EB03850DE7}
		{51B00ADF-9E39-43B5-B6E8-B858C89B9D23} = {250D8351-EAF2-45B9-8E25-E2BD18CDF234}
		{3A816D77-740F-4B81-BAFC-52BBB8FFB576} = {70F4082B-FDCC-4AC1-9239-747B9B8CAEB5}
		{250D8351-EAF2-45B9-8E25-E2BD18CDF234} = {F71A30C1-9A86-4C6A-9200-78EB03850DE7}
		{70F4082B-FDCC-4AC1-9239-747B9B8CAEB5} = {F71A30C1-9A86-4C6A-9200-78EB03850DE7}
		{5C964C30-2443-489A-8FED-6252E00BA471} = {F71A30C1-9A86-4C6A-9200-78EB03850DE7}
		{D2117B0A-F6D1-4E22-9EA3-F3FAF9184F68} = {A8D328CD-7381-4CF7-8643-5B24E0285885}
		{23010105-50CC-462E-A3DC-3862A5A982E4} = {A8D328CD-7381-4CF7-8643-5B24E0285885}
		{75074046-8F32-4C2F-B311-1517CCC9F998} = {D2117B0A-F6D1-4E22-9EA3-F3FAF9184F68}
		{A6374636-B520-45F2-903F-066BD59E4142} = {23010105-50CC-462E-A3DC-3862A5A982E4}
		{1881E84F-86BA-4566-ABBE-EBBCA60A8CEA} = {23010105-50CC-462E-A3DC-3862A5A982E4}
		{8707DDE6-4F16-45E6-B994-DFDF7EF057DD} = {23010105-50CC-462E-A3DC-3862A5A982E4}
	EndGlobalSection
	GlobalSection(ExtensibilityGlobals) = postSolution
		SolutionGuid = {309995A1-2F7C-45AE-A844-3E95E447749F}
	EndGlobalSection
EndGlobal
